// !$*UTF8*$!
{
	archiveVersion = 1;
	classes = {
	};
	objectVersion = 48;
	objects = {

/* Begin PBXBuildFile section */
		2B2512B1203ED722005197C7 /* XCBuildPhase.swift in Sources */ = {isa = PBXBuildFile; fileRef = 2B2512AA203ED722005197C7 /* XCBuildPhase.swift */; };
		2B2512B2203ED722005197C7 /* XCConfigurationList.swift in Sources */ = {isa = PBXBuildFile; fileRef = 2B2512AB203ED722005197C7 /* XCConfigurationList.swift */; };
		2B2512B3203ED722005197C7 /* XCFileReference.swift in Sources */ = {isa = PBXBuildFile; fileRef = 2B2512AC203ED722005197C7 /* XCFileReference.swift */; };
		2B2512B4203ED722005197C7 /* XCObject.swift in Sources */ = {isa = PBXBuildFile; fileRef = 2B2512AD203ED722005197C7 /* XCObject.swift */; };
		2B2512B5203ED722005197C7 /* XCProjFile.swift in Sources */ = {isa = PBXBuildFile; fileRef = 2B2512AF203ED722005197C7 /* XCProjFile.swift */; };
		2B2512B6203ED722005197C7 /* XCProjTarget.swift in Sources */ = {isa = PBXBuildFile; fileRef = 2B2512B0203ED722005197C7 /* XCProjTarget.swift */; };
		2B2512B8203EF1A2005197C7 /* XCEnvironment.swift in Sources */ = {isa = PBXBuildFile; fileRef = 2B2512B7203EF1A2005197C7 /* XCEnvironment.swift */; };
		2B2AE71A234754BD005CE528 /* XCTaskAssets.swift in Sources */ = {isa = PBXBuildFile; fileRef = 2B2AE719234754BD005CE528 /* XCTaskAssets.swift */; };
		2B31C9AC20568D70001833CA /* XCTaskResourcePath.swift in Sources */ = {isa = PBXBuildFile; fileRef = 2B31C9AB20568D70001833CA /* XCTaskResourcePath.swift */; };
		2B4E07F420AB04DC0026CCBF /* XCTaskXib.swift in Sources */ = {isa = PBXBuildFile; fileRef = 2B4E07F320AB04DC0026CCBF /* XCTaskXib.swift */; };
		2B5B02B820430E0E00A81392 /* XCProject.swift in Sources */ = {isa = PBXBuildFile; fileRef = 2B72CCE92032EFEC00AE5D72 /* XCProject.swift */; };
		2B5B02B920430E2C00A81392 /* XCEnvironment.swift in Sources */ = {isa = PBXBuildFile; fileRef = 2B2512B7203EF1A2005197C7 /* XCEnvironment.swift */; };
		2B72CCEB2032EFEC00AE5D72 /* XCTask.swift in Sources */ = {isa = PBXBuildFile; fileRef = 2B72CCE82032EFEC00AE5D72 /* XCTask.swift */; };
		2B72CCEC2032EFEC00AE5D72 /* XCProject.swift in Sources */ = {isa = PBXBuildFile; fileRef = 2B72CCE92032EFEC00AE5D72 /* XCProject.swift */; };
		2B72CCED2032EFEC00AE5D72 /* XCCommon.swift in Sources */ = {isa = PBXBuildFile; fileRef = 2B72CCEA2032EFEC00AE5D72 /* XCCommon.swift */; };
		2B72CCEF2032F01400AE5D72 /* XCTaskColor.swift in Sources */ = {isa = PBXBuildFile; fileRef = 2B72CCEE2032F01400AE5D72 /* XCTaskColor.swift */; };
		2B7795872031C226008E6A90 /* main.swift in Sources */ = {isa = PBXBuildFile; fileRef = 2B7795862031C226008E6A90 /* main.swift */; };
		2B7795982031C5F0008E6A90 /* XCColorNames.swift in Sources */ = {isa = PBXBuildFile; fileRef = 2B7795972031C5F0008E6A90 /* XCColorNames.swift */; };
		2B84EB17208734F0008B1E54 /* XCTaskString.swift in Sources */ = {isa = PBXBuildFile; fileRef = 2B84EB16208734F0008B1E54 /* XCTaskString.swift */; };
		2B86A3242042763B00332E53 /* main.swift in Sources */ = {isa = PBXBuildFile; fileRef = 2B86A3232042763B00332E53 /* main.swift */; };
		2B86A3282042764B00332E53 /* XCBuildPhase.swift in Sources */ = {isa = PBXBuildFile; fileRef = 2B2512AA203ED722005197C7 /* XCBuildPhase.swift */; };
		2B86A3292042764B00332E53 /* XCConfigurationList.swift in Sources */ = {isa = PBXBuildFile; fileRef = 2B2512AB203ED722005197C7 /* XCConfigurationList.swift */; };
		2B86A32A2042764B00332E53 /* XCFileReference.swift in Sources */ = {isa = PBXBuildFile; fileRef = 2B2512AC203ED722005197C7 /* XCFileReference.swift */; };
		2B86A32B2042764B00332E53 /* XCObject.swift in Sources */ = {isa = PBXBuildFile; fileRef = 2B2512AD203ED722005197C7 /* XCObject.swift */; };
		2B86A32C2042764B00332E53 /* XCProjFile.swift in Sources */ = {isa = PBXBuildFile; fileRef = 2B2512AF203ED722005197C7 /* XCProjFile.swift */; };
		2B86A32D2042764B00332E53 /* XCProjTarget.swift in Sources */ = {isa = PBXBuildFile; fileRef = 2B2512B0203ED722005197C7 /* XCProjTarget.swift */; };
		2B86A33120428A7B00332E53 /* XCAssets.swift in Sources */ = {isa = PBXBuildFile; fileRef = 2B86A33020428A7B00332E53 /* XCAssets.swift */; };
		2B86A33220428A7B00332E53 /* XCAssets.swift in Sources */ = {isa = PBXBuildFile; fileRef = 2B86A33020428A7B00332E53 /* XCAssets.swift */; };
		2B86A3342042A87F00332E53 /* XCAssetColor.swift in Sources */ = {isa = PBXBuildFile; fileRef = 2B86A3332042A87F00332E53 /* XCAssetColor.swift */; };
		2B86A3352042A87F00332E53 /* XCAssetColor.swift in Sources */ = {isa = PBXBuildFile; fileRef = 2B86A3332042A87F00332E53 /* XCAssetColor.swift */; };
		2B86A3362042A93A00332E53 /* XCColorNames.swift in Sources */ = {isa = PBXBuildFile; fileRef = 2B7795972031C5F0008E6A90 /* XCColorNames.swift */; };
		2BA46CF5204E8B3C009AAB8F /* XCText.swift in Sources */ = {isa = PBXBuildFile; fileRef = 2BA46CF4204E8B3C009AAB8F /* XCText.swift */; };
		2BAEFFA62080CF3F00A886DF /* XCStrings.swift in Sources */ = {isa = PBXBuildFile; fileRef = 2BAEFFA52080CF3F00A886DF /* XCStrings.swift */; };
		2BAEFFA72080CF3F00A886DF /* XCStrings.swift in Sources */ = {isa = PBXBuildFile; fileRef = 2BAEFFA52080CF3F00A886DF /* XCStrings.swift */; };
		2BAEFFA82080CF3F00A886DF /* XCStrings.swift in Sources */ = {isa = PBXBuildFile; fileRef = 2BAEFFA52080CF3F00A886DF /* XCStrings.swift */; };
		2BAEFFA92080CF3F00A886DF /* XCStrings.swift in Sources */ = {isa = PBXBuildFile; fileRef = 2BAEFFA52080CF3F00A886DF /* XCStrings.swift */; };
		2BBAA524208F6005003B796A /* XCValidator.swift in Sources */ = {isa = PBXBuildFile; fileRef = 2BBAA523208F6005003B796A /* XCValidator.swift */; };
		2BC2C48B2057C99A00AC4B2A /* main.swift in Sources */ = {isa = PBXBuildFile; fileRef = 2BC2C48A2057C99A00AC4B2A /* main.swift */; };
		2BC2C4912057C9FB00AC4B2A /* XCStringsParser.swift in Sources */ = {isa = PBXBuildFile; fileRef = 2BC2C4902057C9FB00AC4B2A /* XCStringsParser.swift */; };
		2BC2C4922057C9FB00AC4B2A /* XCStringsParser.swift in Sources */ = {isa = PBXBuildFile; fileRef = 2BC2C4902057C9FB00AC4B2A /* XCStringsParser.swift */; };
		2BC2C4932057E08300AC4B2A /* XCStringsParser.swift in Sources */ = {isa = PBXBuildFile; fileRef = 2BC2C4902057C9FB00AC4B2A /* XCStringsParser.swift */; };
		2BC2C4952057EF4A00AC4B2A /* XCProject+Color.swift in Sources */ = {isa = PBXBuildFile; fileRef = 2BC2C4942057EF4A00AC4B2A /* XCProject+Color.swift */; };
		2BC2C4972057F61300AC4B2A /* XCProject+Strings.swift in Sources */ = {isa = PBXBuildFile; fileRef = 2BC2C4962057F61300AC4B2A /* XCProject+Strings.swift */; };
		2BC2C4982057FAB200AC4B2A /* XCProject+Color.swift in Sources */ = {isa = PBXBuildFile; fileRef = 2BC2C4942057EF4A00AC4B2A /* XCProject+Color.swift */; };
		2BC2C4992057FDCB00AC4B2A /* XCProject+Strings.swift in Sources */ = {isa = PBXBuildFile; fileRef = 2BC2C4962057F61300AC4B2A /* XCProject+Strings.swift */; };
		2BD4A88A204D6AC800EA12EB /* main.swift in Sources */ = {isa = PBXBuildFile; fileRef = 2BD4A889204D6AC800EA12EB /* main.swift */; };
		2BD4A890204D6B2800EA12EB /* XCStoryboard.swift in Sources */ = {isa = PBXBuildFile; fileRef = 2BD4A88F204D6B2800EA12EB /* XCStoryboard.swift */; };
		2BD4A891204D6B2800EA12EB /* XCStoryboard.swift in Sources */ = {isa = PBXBuildFile; fileRef = 2BD4A88F204D6B2800EA12EB /* XCStoryboard.swift */; };
		2BD66CA1215BD244008FB609 /* XCPropEnumTask.swift in Sources */ = {isa = PBXBuildFile; fileRef = 2BD66CA0215BD244008FB609 /* XCPropEnumTask.swift */; };
		2BE04C8920AF1EDB00BAB6DB /* XCTaskTreePath.swift in Sources */ = {isa = PBXBuildFile; fileRef = 2BE04C8820AF1EDB00BAB6DB /* XCTaskTreePath.swift */; };
/* End PBXBuildFile section */

/* Begin PBXCopyFilesBuildPhase section */
		2B7795812031C226008E6A90 /* CopyFiles */ = {
			isa = PBXCopyFilesBuildPhase;
			buildActionMask = 2147483647;
			dstPath = /usr/share/man/man1/;
			dstSubfolderSpec = 0;
			files = (
			);
			runOnlyForDeploymentPostprocessing = 1;
		};
		2B86A31F2042763B00332E53 /* CopyFiles */ = {
			isa = PBXCopyFilesBuildPhase;
			buildActionMask = 2147483647;
			dstPath = /usr/share/man/man1/;
			dstSubfolderSpec = 0;
			files = (
			);
			runOnlyForDeploymentPostprocessing = 1;
		};
		2BC2C4862057C99A00AC4B2A /* CopyFiles */ = {
			isa = PBXCopyFilesBuildPhase;
			buildActionMask = 2147483647;
			dstPath = /usr/share/man/man1/;
			dstSubfolderSpec = 0;
			files = (
			);
			runOnlyForDeploymentPostprocessing = 1;
		};
		2BD4A885204D6AC800EA12EB /* CopyFiles */ = {
			isa = PBXCopyFilesBuildPhase;
			buildActionMask = 2147483647;
			dstPath = /usr/share/man/man1/;
			dstSubfolderSpec = 0;
			files = (
			);
			runOnlyForDeploymentPostprocessing = 1;
		};
/* End PBXCopyFilesBuildPhase section */

/* Begin PBXFileReference section */
		2B2512AA203ED722005197C7 /* XCBuildPhase.swift */ = {isa = PBXFileReference; fileEncoding = 4; lastKnownFileType = sourcecode.swift; path = XCBuildPhase.swift; sourceTree = "<group>"; };
		2B2512AB203ED722005197C7 /* XCConfigurationList.swift */ = {isa = PBXFileReference; fileEncoding = 4; lastKnownFileType = sourcecode.swift; path = XCConfigurationList.swift; sourceTree = "<group>"; };
		2B2512AC203ED722005197C7 /* XCFileReference.swift */ = {isa = PBXFileReference; fileEncoding = 4; lastKnownFileType = sourcecode.swift; path = XCFileReference.swift; sourceTree = "<group>"; };
		2B2512AD203ED722005197C7 /* XCObject.swift */ = {isa = PBXFileReference; fileEncoding = 4; lastKnownFileType = sourcecode.swift; path = XCObject.swift; sourceTree = "<group>"; };
		2B2512AE203ED722005197C7 /* XCodeEnv_Sample.txt */ = {isa = PBXFileReference; fileEncoding = 4; lastKnownFileType = text; path = XCodeEnv_Sample.txt; sourceTree = "<group>"; };
		2B2512AF203ED722005197C7 /* XCProjFile.swift */ = {isa = PBXFileReference; fileEncoding = 4; lastKnownFileType = sourcecode.swift; path = XCProjFile.swift; sourceTree = "<group>"; };
		2B2512B0203ED722005197C7 /* XCProjTarget.swift */ = {isa = PBXFileReference; fileEncoding = 4; lastKnownFileType = sourcecode.swift; path = XCProjTarget.swift; sourceTree = "<group>"; };
		2B2512B7203EF1A2005197C7 /* XCEnvironment.swift */ = {isa = PBXFileReference; lastKnownFileType = sourcecode.swift; path = XCEnvironment.swift; sourceTree = "<group>"; };
		2B2AE719234754BD005CE528 /* XCTaskAssets.swift */ = {isa = PBXFileReference; lastKnownFileType = sourcecode.swift; path = XCTaskAssets.swift; sourceTree = "<group>"; };
		2B31C9AB20568D70001833CA /* XCTaskResourcePath.swift */ = {isa = PBXFileReference; lastKnownFileType = sourcecode.swift; path = XCTaskResourcePath.swift; sourceTree = "<group>"; };
		2B4E07F320AB04DC0026CCBF /* XCTaskXib.swift */ = {isa = PBXFileReference; lastKnownFileType = sourcecode.swift; path = XCTaskXib.swift; sourceTree = "<group>"; };
		2B72CCE82032EFEC00AE5D72 /* XCTask.swift */ = {isa = PBXFileReference; fileEncoding = 4; lastKnownFileType = sourcecode.swift; path = XCTask.swift; sourceTree = "<group>"; };
		2B72CCE92032EFEC00AE5D72 /* XCProject.swift */ = {isa = PBXFileReference; fileEncoding = 4; lastKnownFileType = sourcecode.swift; path = XCProject.swift; sourceTree = "<group>"; };
		2B72CCEA2032EFEC00AE5D72 /* XCCommon.swift */ = {isa = PBXFileReference; fileEncoding = 4; lastKnownFileType = sourcecode.swift; path = XCCommon.swift; sourceTree = "<group>"; };
		2B72CCEE2032F01400AE5D72 /* XCTaskColor.swift */ = {isa = PBXFileReference; lastKnownFileType = sourcecode.swift; path = XCTaskColor.swift; sourceTree = "<group>"; };
		2B72CCF02032F0B600AE5D72 /* README.md */ = {isa = PBXFileReference; lastKnownFileType = net.daringfireball.markdown; path = README.md; sourceTree = "<group>"; };
		2B7795832031C226008E6A90 /* CodeGen */ = {isa = PBXFileReference; explicitFileType = "compiled.mach-o.executable"; includeInIndex = 0; path = CodeGen; sourceTree = BUILT_PRODUCTS_DIR; };
		2B7795862031C226008E6A90 /* main.swift */ = {isa = PBXFileReference; lastKnownFileType = sourcecode.swift; path = main.swift; sourceTree = "<group>"; };
		2B7795972031C5F0008E6A90 /* XCColorNames.swift */ = {isa = PBXFileReference; lastKnownFileType = sourcecode.swift; path = XCColorNames.swift; sourceTree = "<group>"; };
		2B84EB16208734F0008B1E54 /* XCTaskString.swift */ = {isa = PBXFileReference; lastKnownFileType = sourcecode.swift; path = XCTaskString.swift; sourceTree = "<group>"; };
		2B86A3212042763B00332E53 /* testXCProj */ = {isa = PBXFileReference; explicitFileType = "compiled.mach-o.executable"; includeInIndex = 0; path = testXCProj; sourceTree = BUILT_PRODUCTS_DIR; };
		2B86A3232042763B00332E53 /* main.swift */ = {isa = PBXFileReference; lastKnownFileType = sourcecode.swift; path = main.swift; sourceTree = "<group>"; };
		2B86A33020428A7B00332E53 /* XCAssets.swift */ = {isa = PBXFileReference; lastKnownFileType = sourcecode.swift; path = XCAssets.swift; sourceTree = "<group>"; };
		2B86A3332042A87F00332E53 /* XCAssetColor.swift */ = {isa = PBXFileReference; lastKnownFileType = sourcecode.swift; path = XCAssetColor.swift; sourceTree = "<group>"; };
		2BA46CF4204E8B3C009AAB8F /* XCText.swift */ = {isa = PBXFileReference; lastKnownFileType = sourcecode.swift; path = XCText.swift; sourceTree = "<group>"; };
		2BAEFFA52080CF3F00A886DF /* XCStrings.swift */ = {isa = PBXFileReference; lastKnownFileType = sourcecode.swift; path = XCStrings.swift; sourceTree = "<group>"; };
		2BBAA523208F6005003B796A /* XCValidator.swift */ = {isa = PBXFileReference; lastKnownFileType = sourcecode.swift; path = XCValidator.swift; sourceTree = "<group>"; };
		2BC2C4882057C99A00AC4B2A /* testStringsParser */ = {isa = PBXFileReference; explicitFileType = "compiled.mach-o.executable"; includeInIndex = 0; path = testStringsParser; sourceTree = BUILT_PRODUCTS_DIR; };
		2BC2C48A2057C99A00AC4B2A /* main.swift */ = {isa = PBXFileReference; lastKnownFileType = sourcecode.swift; path = main.swift; sourceTree = "<group>"; };
		2BC2C4902057C9FB00AC4B2A /* XCStringsParser.swift */ = {isa = PBXFileReference; lastKnownFileType = sourcecode.swift; path = XCStringsParser.swift; sourceTree = "<group>"; };
		2BC2C4942057EF4A00AC4B2A /* XCProject+Color.swift */ = {isa = PBXFileReference; lastKnownFileType = sourcecode.swift; path = "XCProject+Color.swift"; sourceTree = "<group>"; };
		2BC2C4962057F61300AC4B2A /* XCProject+Strings.swift */ = {isa = PBXFileReference; lastKnownFileType = sourcecode.swift; path = "XCProject+Strings.swift"; sourceTree = "<group>"; };
		2BD4A887204D6AC800EA12EB /* textXib */ = {isa = PBXFileReference; explicitFileType = "compiled.mach-o.executable"; includeInIndex = 0; path = textXib; sourceTree = BUILT_PRODUCTS_DIR; };
		2BD4A889204D6AC800EA12EB /* main.swift */ = {isa = PBXFileReference; lastKnownFileType = sourcecode.swift; path = main.swift; sourceTree = "<group>"; };
		2BD4A88F204D6B2800EA12EB /* XCStoryboard.swift */ = {isa = PBXFileReference; lastKnownFileType = sourcecode.swift; path = XCStoryboard.swift; sourceTree = "<group>"; };
		2BD66CA0215BD244008FB609 /* XCPropEnumTask.swift */ = {isa = PBXFileReference; lastKnownFileType = sourcecode.swift; path = XCPropEnumTask.swift; sourceTree = "<group>"; };
		2BE04C8820AF1EDB00BAB6DB /* XCTaskTreePath.swift */ = {isa = PBXFileReference; lastKnownFileType = sourcecode.swift; path = XCTaskTreePath.swift; sourceTree = "<group>"; };
		88450D0442DB60CF7C8515C5 /* Pods_CodeGen.framework */ = {isa = PBXFileReference; explicitFileType = wrapper.framework; includeInIndex = 0; path = Pods_CodeGen.framework; sourceTree = BUILT_PRODUCTS_DIR; };
/* End PBXFileReference section */

/* Begin PBXFrameworksBuildPhase section */
		2B7795802031C226008E6A90 /* Frameworks */ = {
			isa = PBXFrameworksBuildPhase;
			buildActionMask = 2147483647;
			files = (
			);
			runOnlyForDeploymentPostprocessing = 0;
		};
		2B86A31E2042763B00332E53 /* Frameworks */ = {
			isa = PBXFrameworksBuildPhase;
			buildActionMask = 2147483647;
			files = (
			);
			runOnlyForDeploymentPostprocessing = 0;
		};
		2BC2C4852057C99A00AC4B2A /* Frameworks */ = {
			isa = PBXFrameworksBuildPhase;
			buildActionMask = 2147483647;
			files = (
			);
			runOnlyForDeploymentPostprocessing = 0;
		};
		2BD4A884204D6AC800EA12EB /* Frameworks */ = {
			isa = PBXFrameworksBuildPhase;
			buildActionMask = 2147483647;
			files = (
			);
			runOnlyForDeploymentPostprocessing = 0;
		};
/* End PBXFrameworksBuildPhase section */

/* Begin PBXGroup section */
		2B2512A9203ED722005197C7 /* XCodeProj */ = {
			isa = PBXGroup;
			children = (
				2B2512AA203ED722005197C7 /* XCBuildPhase.swift */,
				2B2512AB203ED722005197C7 /* XCConfigurationList.swift */,
				2B2512AC203ED722005197C7 /* XCFileReference.swift */,
				2B2512AD203ED722005197C7 /* XCObject.swift */,
				2B2512AF203ED722005197C7 /* XCProjFile.swift */,
				2B2512B0203ED722005197C7 /* XCProjTarget.swift */,
				2B86A33020428A7B00332E53 /* XCAssets.swift */,
				2B86A3332042A87F00332E53 /* XCAssetColor.swift */,
				2B7795972031C5F0008E6A90 /* XCColorNames.swift */,
			);
			path = XCodeProj;
			sourceTree = "<group>";
		};
		2B31C9AA20568D56001833CA /* ResourcePath */ = {
			isa = PBXGroup;
			children = (
				2B31C9AB20568D70001833CA /* XCTaskResourcePath.swift */,
				2B2AE719234754BD005CE528 /* XCTaskAssets.swift */,
			);
			path = ResourcePath;
			sourceTree = "<group>";
		};
		2B77957A2031C226008E6A90 = {
			isa = PBXGroup;
			children = (
				2B72CCF02032F0B600AE5D72 /* README.md */,
				2B2512AE203ED722005197C7 /* XCodeEnv_Sample.txt */,
				2B7795852031C226008E6A90 /* CodeGen */,
				2B86A3222042763B00332E53 /* testXCProj */,
				2BD4A888204D6AC800EA12EB /* textXib */,
				2BC2C4892057C99A00AC4B2A /* testStringsParser */,
				2B7795842031C226008E6A90 /* Products */,
				61A3099E47A395188CAFBB71 /* Frameworks */,
			);
			sourceTree = "<group>";
		};
		2B7795842031C226008E6A90 /* Products */ = {
			isa = PBXGroup;
			children = (
				2B7795832031C226008E6A90 /* CodeGen */,
				2B86A3212042763B00332E53 /* testXCProj */,
				2BD4A887204D6AC800EA12EB /* textXib */,
				2BC2C4882057C99A00AC4B2A /* testStringsParser */,
			);
			name = Products;
			sourceTree = "<group>";
		};
		2B7795852031C226008E6A90 /* CodeGen */ = {
			isa = PBXGroup;
			children = (
				2BBAA522208F5FF9003B796A /* Validator */,
				2BD4A88E204D6B1100EA12EB /* Xib */,
				2B2512A9203ED722005197C7 /* XCodeProj */,
				2B77958D2031C347008E6A90 /* Colors */,
				2B31C9AA20568D56001833CA /* ResourcePath */,
				2BC2C48F2057C9E900AC4B2A /* Strings */,
				2BD66C9F215BD024008FB609 /* ClassPropertyEnum */,
				2B7795862031C226008E6A90 /* main.swift */,
				2BA46CF4204E8B3C009AAB8F /* XCText.swift */,
				2B72CCE92032EFEC00AE5D72 /* XCProject.swift */,
				2B72CCEA2032EFEC00AE5D72 /* XCCommon.swift */,
				2B72CCE82032EFEC00AE5D72 /* XCTask.swift */,
				2B2512B7203EF1A2005197C7 /* XCEnvironment.swift */,
			);
			path = CodeGen;
			sourceTree = "<group>";
		};
		2B77958D2031C347008E6A90 /* Colors */ = {
			isa = PBXGroup;
			children = (
				2B72CCEE2032F01400AE5D72 /* XCTaskColor.swift */,
				2BC2C4942057EF4A00AC4B2A /* XCProject+Color.swift */,
			);
			path = Colors;
			sourceTree = "<group>";
		};
		2B86A3222042763B00332E53 /* testXCProj */ = {
			isa = PBXGroup;
			children = (
				2B86A3232042763B00332E53 /* main.swift */,
			);
			path = testXCProj;
			sourceTree = "<group>";
		};
		2BBAA522208F5FF9003B796A /* Validator */ = {
			isa = PBXGroup;
			children = (
				2BBAA523208F6005003B796A /* XCValidator.swift */,
				2BE04C8820AF1EDB00BAB6DB /* XCTaskTreePath.swift */,
			);
			path = Validator;
			sourceTree = "<group>";
		};
		2BC2C4892057C99A00AC4B2A /* testStringsParser */ = {
			isa = PBXGroup;
			children = (
				2BC2C48A2057C99A00AC4B2A /* main.swift */,
			);
			path = testStringsParser;
			sourceTree = "<group>";
		};
		2BC2C48F2057C9E900AC4B2A /* Strings */ = {
			isa = PBXGroup;
			children = (
				2BC2C4902057C9FB00AC4B2A /* XCStringsParser.swift */,
				2BC2C4962057F61300AC4B2A /* XCProject+Strings.swift */,
				2BAEFFA52080CF3F00A886DF /* XCStrings.swift */,
				2B84EB16208734F0008B1E54 /* XCTaskString.swift */,
			);
			path = Strings;
			sourceTree = "<group>";
		};
		2BD4A888204D6AC800EA12EB /* textXib */ = {
			isa = PBXGroup;
			children = (
				2BD4A889204D6AC800EA12EB /* main.swift */,
			);
			path = textXib;
			sourceTree = "<group>";
		};
		2BD4A88E204D6B1100EA12EB /* Xib */ = {
			isa = PBXGroup;
			children = (
				2BD4A88F204D6B2800EA12EB /* XCStoryboard.swift */,
				2B4E07F320AB04DC0026CCBF /* XCTaskXib.swift */,
			);
			path = Xib;
			sourceTree = "<group>";
		};
		2BD66C9F215BD024008FB609 /* ClassPropertyEnum */ = {
			isa = PBXGroup;
			children = (
				2BD66CA0215BD244008FB609 /* XCPropEnumTask.swift */,
			);
			path = ClassPropertyEnum;
			sourceTree = "<group>";
		};
		61A3099E47A395188CAFBB71 /* Frameworks */ = {
			isa = PBXGroup;
			children = (
				88450D0442DB60CF7C8515C5 /* Pods_CodeGen.framework */,
			);
			name = Frameworks;
			sourceTree = "<group>";
		};
/* End PBXGroup section */

/* Begin PBXNativeTarget section */
		2B7795822031C226008E6A90 /* CodeGen */ = {
			isa = PBXNativeTarget;
			buildConfigurationList = 2B77958A2031C226008E6A90 /* Build configuration list for PBXNativeTarget "CodeGen" */;
			buildPhases = (
				2B77957F2031C226008E6A90 /* Sources */,
				2B7795802031C226008E6A90 /* Frameworks */,
				2B7795812031C226008E6A90 /* CopyFiles */,
			);
			buildRules = (
			);
			dependencies = (
			);
			name = CodeGen;
			productName = CodeGen;
			productReference = 2B7795832031C226008E6A90 /* CodeGen */;
			productType = "com.apple.product-type.tool";
		};
		2B86A3202042763B00332E53 /* testXCProj */ = {
			isa = PBXNativeTarget;
			buildConfigurationList = 2B86A3252042763B00332E53 /* Build configuration list for PBXNativeTarget "testXCProj" */;
			buildPhases = (
				2B86A31D2042763B00332E53 /* Sources */,
				2B86A31E2042763B00332E53 /* Frameworks */,
				2B86A31F2042763B00332E53 /* CopyFiles */,
			);
			buildRules = (
			);
			dependencies = (
			);
			name = testXCProj;
			productName = testXCProj;
			productReference = 2B86A3212042763B00332E53 /* testXCProj */;
			productType = "com.apple.product-type.tool";
		};
		2BC2C4872057C99A00AC4B2A /* testStringsParser */ = {
			isa = PBXNativeTarget;
			buildConfigurationList = 2BC2C48E2057C99A00AC4B2A /* Build configuration list for PBXNativeTarget "testStringsParser" */;
			buildPhases = (
				2BC2C4842057C99A00AC4B2A /* Sources */,
				2BC2C4852057C99A00AC4B2A /* Frameworks */,
				2BC2C4862057C99A00AC4B2A /* CopyFiles */,
			);
			buildRules = (
			);
			dependencies = (
			);
			name = testStringsParser;
			productName = testStringsParser;
			productReference = 2BC2C4882057C99A00AC4B2A /* testStringsParser */;
			productType = "com.apple.product-type.tool";
		};
		2BD4A886204D6AC800EA12EB /* textXib */ = {
			isa = PBXNativeTarget;
			buildConfigurationList = 2BD4A88D204D6AC800EA12EB /* Build configuration list for PBXNativeTarget "textXib" */;
			buildPhases = (
				2BD4A883204D6AC800EA12EB /* Sources */,
				2BD4A884204D6AC800EA12EB /* Frameworks */,
				2BD4A885204D6AC800EA12EB /* CopyFiles */,
			);
			buildRules = (
			);
			dependencies = (
			);
			name = textXib;
			productName = textXib;
			productReference = 2BD4A887204D6AC800EA12EB /* textXib */;
			productType = "com.apple.product-type.tool";
		};
/* End PBXNativeTarget section */

/* Begin PBXProject section */
		2B77957B2031C226008E6A90 /* Project object */ = {
			isa = PBXProject;
			attributes = {
				CLASSPREFIX = XC;
				LastSwiftUpdateCheck = 0920;
				LastUpgradeCheck = 1010;
				ORGANIZATIONNAME = "GMO-Z.com RunSystem";
				TargetAttributes = {
					2B7795822031C226008E6A90 = {
						CreatedOnToolsVersion = 9.2;
						ProvisioningStyle = Manual;
					};
					2B86A3202042763B00332E53 = {
						CreatedOnToolsVersion = 9.1;
						ProvisioningStyle = Manual;
					};
					2BC2C4872057C99A00AC4B2A = {
						CreatedOnToolsVersion = 9.2;
						ProvisioningStyle = Manual;
					};
					2BD4A886204D6AC800EA12EB = {
						CreatedOnToolsVersion = 9.2;
						ProvisioningStyle = Manual;
					};
				};
			};
			buildConfigurationList = 2B77957E2031C226008E6A90 /* Build configuration list for PBXProject "CodeGen" */;
			compatibilityVersion = "Xcode 8.0";
			developmentRegion = en;
			hasScannedForEncodings = 0;
			knownRegions = (
				en,
			);
			mainGroup = 2B77957A2031C226008E6A90;
			productRefGroup = 2B7795842031C226008E6A90 /* Products */;
			projectDirPath = "";
			projectRoot = "";
			targets = (
				2B7795822031C226008E6A90 /* CodeGen */,
				2B86A3202042763B00332E53 /* testXCProj */,
				2BD4A886204D6AC800EA12EB /* textXib */,
				2BC2C4872057C99A00AC4B2A /* testStringsParser */,
			);
		};
/* End PBXProject section */

/* Begin PBXSourcesBuildPhase section */
		2B77957F2031C226008E6A90 /* Sources */ = {
			isa = PBXSourcesBuildPhase;
			buildActionMask = 2147483647;
			files = (
				2B2512B3203ED722005197C7 /* XCFileReference.swift in Sources */,
				2BD4A890204D6B2800EA12EB /* XCStoryboard.swift in Sources */,
				2B7795872031C226008E6A90 /* main.swift in Sources */,
				2B2512B1203ED722005197C7 /* XCBuildPhase.swift in Sources */,
				2BA46CF5204E8B3C009AAB8F /* XCText.swift in Sources */,
				2B72CCEF2032F01400AE5D72 /* XCTaskColor.swift in Sources */,
				2B7795982031C5F0008E6A90 /* XCColorNames.swift in Sources */,
				2B86A33120428A7B00332E53 /* XCAssets.swift in Sources */,
				2B72CCED2032EFEC00AE5D72 /* XCCommon.swift in Sources */,
				2B86A3342042A87F00332E53 /* XCAssetColor.swift in Sources */,
				2B31C9AC20568D70001833CA /* XCTaskResourcePath.swift in Sources */,
				2B4E07F420AB04DC0026CCBF /* XCTaskXib.swift in Sources */,
				2B2512B4203ED722005197C7 /* XCObject.swift in Sources */,
				2BC2C4972057F61300AC4B2A /* XCProject+Strings.swift in Sources */,
				2BE04C8920AF1EDB00BAB6DB /* XCTaskTreePath.swift in Sources */,
				2BBAA524208F6005003B796A /* XCValidator.swift in Sources */,
				2BC2C4952057EF4A00AC4B2A /* XCProject+Color.swift in Sources */,
				2BD66CA1215BD244008FB609 /* XCPropEnumTask.swift in Sources */,
				2B2512B2203ED722005197C7 /* XCConfigurationList.swift in Sources */,
				2B2512B6203ED722005197C7 /* XCProjTarget.swift in Sources */,
				2B84EB17208734F0008B1E54 /* XCTaskString.swift in Sources */,
				2B2512B8203EF1A2005197C7 /* XCEnvironment.swift in Sources */,
				2BAEFFA62080CF3F00A886DF /* XCStrings.swift in Sources */,
				2B2512B5203ED722005197C7 /* XCProjFile.swift in Sources */,
				2B72CCEC2032EFEC00AE5D72 /* XCProject.swift in Sources */,
				2B72CCEB2032EFEC00AE5D72 /* XCTask.swift in Sources */,
				2B2AE71A234754BD005CE528 /* XCTaskAssets.swift in Sources */,
				2BC2C4912057C9FB00AC4B2A /* XCStringsParser.swift in Sources */,
			);
			runOnlyForDeploymentPostprocessing = 0;
		};
		2B86A31D2042763B00332E53 /* Sources */ = {
			isa = PBXSourcesBuildPhase;
			buildActionMask = 2147483647;
			files = (
				2B86A3242042763B00332E53 /* main.swift in Sources */,
				2B86A3352042A87F00332E53 /* XCAssetColor.swift in Sources */,
				2BC2C4982057FAB200AC4B2A /* XCProject+Color.swift in Sources */,
				2BC2C4992057FDCB00AC4B2A /* XCProject+Strings.swift in Sources */,
				2B86A32B2042764B00332E53 /* XCObject.swift in Sources */,
				2B86A3282042764B00332E53 /* XCBuildPhase.swift in Sources */,
				2BC2C4932057E08300AC4B2A /* XCStringsParser.swift in Sources */,
				2B86A32D2042764B00332E53 /* XCProjTarget.swift in Sources */,
				2B86A32C2042764B00332E53 /* XCProjFile.swift in Sources */,
				2B86A32A2042764B00332E53 /* XCFileReference.swift in Sources */,
				2B86A3362042A93A00332E53 /* XCColorNames.swift in Sources */,
				2B5B02B820430E0E00A81392 /* XCProject.swift in Sources */,
				2B86A3292042764B00332E53 /* XCConfigurationList.swift in Sources */,
				2B5B02B920430E2C00A81392 /* XCEnvironment.swift in Sources */,
				2B86A33220428A7B00332E53 /* XCAssets.swift in Sources */,
				2BAEFFA72080CF3F00A886DF /* XCStrings.swift in Sources */,
			);
			runOnlyForDeploymentPostprocessing = 0;
		};
		2BC2C4842057C99A00AC4B2A /* Sources */ = {
			isa = PBXSourcesBuildPhase;
			buildActionMask = 2147483647;
			files = (
				2BAEFFA92080CF3F00A886DF /* XCStrings.swift in Sources */,
				2BC2C4922057C9FB00AC4B2A /* XCStringsParser.swift in Sources */,
				2BC2C48B2057C99A00AC4B2A /* main.swift in Sources */,
			);
			runOnlyForDeploymentPostprocessing = 0;
		};
		2BD4A883204D6AC800EA12EB /* Sources */ = {
			isa = PBXSourcesBuildPhase;
			buildActionMask = 2147483647;
			files = (
				2BAEFFA82080CF3F00A886DF /* XCStrings.swift in Sources */,
				2BD4A88A204D6AC800EA12EB /* main.swift in Sources */,
				2BD4A891204D6B2800EA12EB /* XCStoryboard.swift in Sources */,
			);
			runOnlyForDeploymentPostprocessing = 0;
		};
/* End PBXSourcesBuildPhase section */

/* Begin XCBuildConfiguration section */
		2B7795882031C226008E6A90 /* Debug */ = {
			isa = XCBuildConfiguration;
			buildSettings = {
				ALWAYS_SEARCH_USER_PATHS = NO;
				CLANG_ANALYZER_NONNULL = YES;
				CLANG_ANALYZER_NUMBER_OBJECT_CONVERSION = YES_AGGRESSIVE;
				CLANG_CXX_LANGUAGE_STANDARD = "gnu++14";
				CLANG_CXX_LIBRARY = "libc++";
				CLANG_ENABLE_MODULES = YES;
				CLANG_ENABLE_OBJC_ARC = YES;
				CLANG_WARN_BLOCK_CAPTURE_AUTORELEASING = YES;
				CLANG_WARN_BOOL_CONVERSION = YES;
				CLANG_WARN_COMMA = YES;
				CLANG_WARN_CONSTANT_CONVERSION = YES;
				CLANG_WARN_DEPRECATED_OBJC_IMPLEMENTATIONS = YES;
				CLANG_WARN_DIRECT_OBJC_ISA_USAGE = YES_ERROR;
				CLANG_WARN_DOCUMENTATION_COMMENTS = YES;
				CLANG_WARN_EMPTY_BODY = YES;
				CLANG_WARN_ENUM_CONVERSION = YES;
				CLANG_WARN_INFINITE_RECURSION = YES;
				CLANG_WARN_INT_CONVERSION = YES;
				CLANG_WARN_NON_LITERAL_NULL_CONVERSION = YES;
				CLANG_WARN_OBJC_IMPLICIT_RETAIN_SELF = YES;
				CLANG_WARN_OBJC_LITERAL_CONVERSION = YES;
				CLANG_WARN_OBJC_ROOT_CLASS = YES_ERROR;
				CLANG_WARN_RANGE_LOOP_ANALYSIS = YES;
				CLANG_WARN_STRICT_PROTOTYPES = YES;
				CLANG_WARN_SUSPICIOUS_MOVE = YES;
				CLANG_WARN_UNGUARDED_AVAILABILITY = YES_AGGRESSIVE;
				CLANG_WARN_UNREACHABLE_CODE = YES;
				CLANG_WARN__DUPLICATE_METHOD_MATCH = YES;
				CODE_SIGN_IDENTITY = "Mac Developer";
				COPY_PHASE_STRIP = NO;
				DEBUG_INFORMATION_FORMAT = dwarf;
				ENABLE_STRICT_OBJC_MSGSEND = YES;
				ENABLE_TESTABILITY = YES;
				GCC_C_LANGUAGE_STANDARD = gnu11;
				GCC_DYNAMIC_NO_PIC = NO;
				GCC_NO_COMMON_BLOCKS = YES;
				GCC_OPTIMIZATION_LEVEL = 0;
				GCC_PREPROCESSOR_DEFINITIONS = (
					"DEBUG=1",
					"$(inherited)",
				);
				GCC_WARN_64_TO_32_BIT_CONVERSION = YES;
				GCC_WARN_ABOUT_RETURN_TYPE = YES_ERROR;
				GCC_WARN_UNDECLARED_SELECTOR = YES;
				GCC_WARN_UNINITIALIZED_AUTOS = YES_AGGRESSIVE;
				GCC_WARN_UNUSED_FUNCTION = YES;
				GCC_WARN_UNUSED_VARIABLE = YES;
				MACOSX_DEPLOYMENT_TARGET = 10.12;
				MTL_ENABLE_DEBUG_INFO = YES;
				ONLY_ACTIVE_ARCH = YES;
				SDKROOT = macosx;
				SWIFT_ACTIVE_COMPILATION_CONDITIONS = DEBUG;
				SWIFT_OPTIMIZATION_LEVEL = "-Onone";
			};
			name = Debug;
		};
		2B7795892031C226008E6A90 /* Release */ = {
			isa = XCBuildConfiguration;
			buildSettings = {
				ALWAYS_SEARCH_USER_PATHS = NO;
				CLANG_ANALYZER_NONNULL = YES;
				CLANG_ANALYZER_NUMBER_OBJECT_CONVERSION = YES_AGGRESSIVE;
				CLANG_CXX_LANGUAGE_STANDARD = "gnu++14";
				CLANG_CXX_LIBRARY = "libc++";
				CLANG_ENABLE_MODULES = YES;
				CLANG_ENABLE_OBJC_ARC = YES;
				CLANG_WARN_BLOCK_CAPTURE_AUTORELEASING = YES;
				CLANG_WARN_BOOL_CONVERSION = YES;
				CLANG_WARN_COMMA = YES;
				CLANG_WARN_CONSTANT_CONVERSION = YES;
				CLANG_WARN_DEPRECATED_OBJC_IMPLEMENTATIONS = YES;
				CLANG_WARN_DIRECT_OBJC_ISA_USAGE = YES_ERROR;
				CLANG_WARN_DOCUMENTATION_COMMENTS = YES;
				CLANG_WARN_EMPTY_BODY = YES;
				CLANG_WARN_ENUM_CONVERSION = YES;
				CLANG_WARN_INFINITE_RECURSION = YES;
				CLANG_WARN_INT_CONVERSION = YES;
				CLANG_WARN_NON_LITERAL_NULL_CONVERSION = YES;
				CLANG_WARN_OBJC_IMPLICIT_RETAIN_SELF = YES;
				CLANG_WARN_OBJC_LITERAL_CONVERSION = YES;
				CLANG_WARN_OBJC_ROOT_CLASS = YES_ERROR;
				CLANG_WARN_RANGE_LOOP_ANALYSIS = YES;
				CLANG_WARN_STRICT_PROTOTYPES = YES;
				CLANG_WARN_SUSPICIOUS_MOVE = YES;
				CLANG_WARN_UNGUARDED_AVAILABILITY = YES_AGGRESSIVE;
				CLANG_WARN_UNREACHABLE_CODE = YES;
				CLANG_WARN__DUPLICATE_METHOD_MATCH = YES;
				CODE_SIGN_IDENTITY = "Mac Developer";
				COPY_PHASE_STRIP = NO;
				DEBUG_INFORMATION_FORMAT = "dwarf-with-dsym";
				ENABLE_NS_ASSERTIONS = NO;
				ENABLE_STRICT_OBJC_MSGSEND = YES;
				GCC_C_LANGUAGE_STANDARD = gnu11;
				GCC_NO_COMMON_BLOCKS = YES;
				GCC_WARN_64_TO_32_BIT_CONVERSION = YES;
				GCC_WARN_ABOUT_RETURN_TYPE = YES_ERROR;
				GCC_WARN_UNDECLARED_SELECTOR = YES;
				GCC_WARN_UNINITIALIZED_AUTOS = YES_AGGRESSIVE;
				GCC_WARN_UNUSED_FUNCTION = YES;
				GCC_WARN_UNUSED_VARIABLE = YES;
				MACOSX_DEPLOYMENT_TARGET = 10.12;
				MTL_ENABLE_DEBUG_INFO = NO;
				SDKROOT = macosx;
				SWIFT_OPTIMIZATION_LEVEL = "-Owholemodule";
			};
			name = Release;
		};
		2B77958B2031C226008E6A90 /* Debug */ = {
			isa = XCBuildConfiguration;
			buildSettings = {
				CODE_SIGN_IDENTITY = "";
				CODE_SIGN_STYLE = Manual;
				DEVELOPMENT_TEAM = "";
				LD_RUNPATH_SEARCH_PATHS = "$(inherited) '@executable_path/../Frameworks' '@loader_path/Frameworks'";
				MACOSX_DEPLOYMENT_TARGET = 10.12;
				PRODUCT_NAME = "$(TARGET_NAME)";
				PROVISIONING_PROFILE_SPECIFIER = "";
				SWIFT_VERSION = 4.2;
			};
			name = Debug;
		};
		2B77958C2031C226008E6A90 /* Release */ = {
			isa = XCBuildConfiguration;
			buildSettings = {
				CODE_SIGN_IDENTITY = "";
				CODE_SIGN_STYLE = Manual;
				DEVELOPMENT_TEAM = "";
				LD_RUNPATH_SEARCH_PATHS = "$(inherited) '@executable_path/../Frameworks' '@loader_path/Frameworks'";
				MACOSX_DEPLOYMENT_TARGET = 10.12;
				PRODUCT_NAME = "$(TARGET_NAME)";
				PROVISIONING_PROFILE_SPECIFIER = "";
				SWIFT_VERSION = 4.2;
			};
			name = Release;
		};
		2B86A3262042763B00332E53 /* Debug */ = {
			isa = XCBuildConfiguration;
			buildSettings = {
				CODE_SIGN_IDENTITY = "-";
				CODE_SIGN_STYLE = Manual;
				DEVELOPMENT_TEAM = "";
				PRODUCT_NAME = "$(TARGET_NAME)";
				PROVISIONING_PROFILE_SPECIFIER = "";
				SWIFT_VERSION = 4.0;
			};
			name = Debug;
		};
		2B86A3272042763B00332E53 /* Release */ = {
			isa = XCBuildConfiguration;
			buildSettings = {
				CODE_SIGN_IDENTITY = "-";
				CODE_SIGN_STYLE = Manual;
				DEVELOPMENT_TEAM = "";
				PRODUCT_NAME = "$(TARGET_NAME)";
				PROVISIONING_PROFILE_SPECIFIER = "";
				SWIFT_VERSION = 4.0;
			};
			name = Release;
		};
		2BC2C48C2057C99A00AC4B2A /* Debug */ = {
			isa = XCBuildConfiguration;
			buildSettings = {
				CODE_SIGN_IDENTITY = "";
				CODE_SIGN_STYLE = Manual;
				PRODUCT_NAME = "$(TARGET_NAME)";
				PROVISIONING_PROFILE_SPECIFIER = "";
				SWIFT_VERSION = 4.0;
			};
			name = Debug;
		};
		2BC2C48D2057C99A00AC4B2A /* Release */ = {
			isa = XCBuildConfiguration;
			buildSettings = {
				CODE_SIGN_IDENTITY = "";
				CODE_SIGN_STYLE = Manual;
				PRODUCT_NAME = "$(TARGET_NAME)";
				PROVISIONING_PROFILE_SPECIFIER = "";
				SWIFT_VERSION = 4.0;
			};
			name = Release;
		};
		2BD4A88B204D6AC800EA12EB /* Debug */ = {
			isa = XCBuildConfiguration;
			buildSettings = {
				CODE_SIGN_IDENTITY = "";
				CODE_SIGN_STYLE = Manual;
				DEVELOPMENT_TEAM = "";
				PRODUCT_NAME = "$(TARGET_NAME)";
				SWIFT_VERSION = 4.0;
			};
			name = Debug;
		};
		2BD4A88C204D6AC800EA12EB /* Release */ = {
			isa = XCBuildConfiguration;
			buildSettings = {
				CODE_SIGN_IDENTITY = "";
				CODE_SIGN_STYLE = Manual;
				DEVELOPMENT_TEAM = "";
				PRODUCT_NAME = "$(TARGET_NAME)";
				SWIFT_VERSION = 4.0;
			};
			name = Release;
		};
/* End XCBuildConfiguration section */

/* Begin XCConfigurationList section */
		2B77957E2031C226008E6A90 /* Build configuration list for PBXProject "CodeGen" */ = {
			isa = XCConfigurationList;
			buildConfigurations = (
				2B7795882031C226008E6A90 /* Debug */,
				2B7795892031C226008E6A90 /* Release */,
			);
			defaultConfigurationIsVisible = 0;
			defaultConfigurationName = Release;
		};
		2B77958A2031C226008E6A90 /* Build configuration list for PBXNativeTarget "CodeGen" */ = {
			isa = XCConfigurationList;
			buildConfigurations = (
				2B77958B2031C226008E6A90 /* Debug */,
				2B77958C2031C226008E6A90 /* Release */,
			);
			defaultConfigurationIsVisible = 0;
			defaultConfigurationName = Release;
		};
		2B86A3252042763B00332E53 /* Build configuration list for PBXNativeTarget "testXCProj" */ = {
			isa = XCConfigurationList;
			buildConfigurations = (
				2B86A3262042763B00332E53 /* Debug */,
				2B86A3272042763B00332E53 /* Release */,
			);
			defaultConfigurationIsVisible = 0;
			defaultConfigurationName = Release;
		};
		2BC2C48E2057C99A00AC4B2A /* Build configuration list for PBXNativeTarget "testStringsParser" */ = {
			isa = XCConfigurationList;
			buildConfigurations = (
				2BC2C48C2057C99A00AC4B2A /* Debug */,
				2BC2C48D2057C99A00AC4B2A /* Release */,
			);
			defaultConfigurationIsVisible = 0;
			defaultConfigurationName = Release;
		};
		2BD4A88D204D6AC800EA12EB /* Build configuration list for PBXNativeTarget "textXib" */ = {
			isa = XCConfigurationList;
			buildConfigurations = (
				2BD4A88B204D6AC800EA12EB /* Debug */,
				2BD4A88C204D6AC800EA12EB /* Release */,
			);
			defaultConfigurationIsVisible = 0;
			defaultConfigurationName = Release;
		};
/* End XCConfigurationList section */
	};
	rootObject = 2B77957B2031C226008E6A90 /* Project object */;
}
